
Microsoft Visual Studio Solution File, Format Version 12.00
# Visual Studio Version 17
VisualStudioVersion = 17.8.34511.84
MinimumVisualStudioVersion = 10.0.40219.1
Project("{FAE04EC0-301F-11D3-BF4B-00C04F79EFBC}") = "CustomerApi", "CustomerApi.csproj", "{702C88B9-3BEB-4E81-9376-0395406D7F49}"
EndProject
Global
	GlobalSection(SolutionConfigurationPlatforms) = preSolution
		Debug|Any CPU = Debug|Any CPU
		Release|Any CPU = Release|Any CPU
	EndGlobalSection
	GlobalSection(ProjectConfigurationPlatforms) = postSolution
		{702C88B9-3BEB-4E81-9376-0395406D7F49}.Debug|Any CPU.ActiveCfg = Debug|Any CPU
		{702C88B9-3BEB-4E81-9376-0395406D7F49}.Debug|Any CPU.Build.0 = Debug|Any CPU
		{702C88B9-3BEB-4E81-9376-0395406D7F49}.Release|Any CPU.ActiveCfg = Release|Any CPU
		{702C88B9-3BEB-4E81-9376-0395406D7F49}.Release|Any CPU.Build.0 = Release|Any CPU
	EndGlobalSection
	GlobalSection(SolutionProperties) = preSolution
		HideSolutionNode = FALSE
	EndGlobalSection
	GlobalSection(ExtensibilityGlobals) = postSolution
		SolutionGuid = {45777072-1B6D-4F61-B396-CF6E31BEADFF}
	EndGlobalSection
EndGlobal
